
Microsoft Visual Studio Solution File, Format Version 12.00
# Visual Studio 2012
Project("{FAE04EC0-301F-11D3-BF4B-00C04F79EFBC}") = "Kiosk", "Kiosk\Kiosk.csproj", "{A266BB9B-F3AF-4853-B01E-1CA6D7B3E04B}"
EndProject
Global
	GlobalSection(SolutionConfigurationPlatforms) = preSolution
		Debug|x86 = Debug|x86
		Release|x86 = Release|x86
	EndGlobalSection
	GlobalSection(ProjectConfigurationPlatforms) = postSolution
		{A266BB9B-F3AF-4853-B01E-1CA6D7B3E04B}.Debug|x86.ActiveCfg = Debug|x86
		{A266BB9B-F3AF-4853-B01E-1CA6D7B3E04B}.Debug|x86.Build.0 = Debug|x86
		{A266BB9B-F3AF-4853-B01E-1CA6D7B3E04B}.Release|x86.ActiveCfg = Release|x86
		{A266BB9B-F3AF-4853-B01E-1CA6D7B3E04B}.Release|x86.Build.0 = Release|x86
	EndGlobalSection
	GlobalSection(SolutionProperties) = preSolution
		HideSolutionNode = FALSE
	EndGlobalSection
EndGlobal
